
Microsoft Visual Studio Solution File, Format Version 12.00
# Visual Studio Version 17
VisualStudioVersion = 17.8.34330.188
MinimumVisualStudioVersion = 10.0.40219.1
Project("{FAE04EC0-301F-11D3-BF4B-00C04F79EFBC}") = "OpenBanking API Service", "OpenBanking API Service\OpenBanking API Service.csproj", "{4D300907-F97F-4E71-9066-A890CB132956}"
EndProject
Global
	GlobalSection(SolutionConfigurationPlatforms) = preSolution
		Debug|Any CPU = Debug|Any CPU
		Release|Any CPU = Release|Any CPU
	EndGlobalSection
	GlobalSection(ProjectConfigurationPlatforms) = postSolution
		{4D300907-F97F-4E71-9066-A890CB132956}.Debug|Any CPU.ActiveCfg = Debug|Any CPU
		{4D300907-F97F-4E71-9066-A890CB132956}.Debug|Any CPU.Build.0 = Debug|Any CPU
		{4D300907-F97F-4E71-9066-A890CB132956}.Release|Any CPU.ActiveCfg = Release|Any CPU
		{4D300907-F97F-4E71-9066-A890CB132956}.Release|Any CPU.Build.0 = Release|Any CPU
	EndGlobalSection
	GlobalSection(SolutionProperties) = preSolution
		HideSolutionNode = FALSE
	EndGlobalSection
	GlobalSection(ExtensibilityGlobals) = postSolution
		SolutionGuid = {BF1AF425-1269-4DB0-88B2-3084B742751D}
	EndGlobalSection
EndGlobal
